
Microsoft Visual Studio Solution File, Format Version 12.00
# Visual Studio Version 17
VisualStudioVersion = 17.2.32519.379
MinimumVisualStudioVersion = 10.0.40219.1
Project("{FAE04EC0-301F-11D3-BF4B-00C04F79EFBC}") = "estore-clone-flowers-api", "estore-clone-flowers-api\estore-clone-flowers-api.csproj", "{1D5DE6E0-CBAF-4F38-AC97-3E58D6CB9993}"
EndProject
Global
	GlobalSection(SolutionConfigurationPlatforms) = preSolution
		Debug|Any CPU = Debug|Any CPU
		Release|Any CPU = Release|Any CPU
	EndGlobalSection
	GlobalSection(ProjectConfigurationPlatforms) = postSolution
		{1D5DE6E0-CBAF-4F38-AC97-3E58D6CB9993}.Debug|Any CPU.ActiveCfg = Debug|Any CPU
		{1D5DE6E0-CBAF-4F38-AC97-3E58D6CB9993}.Debug|Any CPU.Build.0 = Debug|Any CPU
		{1D5DE6E0-CBAF-4F38-AC97-3E58D6CB9993}.Release|Any CPU.ActiveCfg = Release|Any CPU
		{1D5DE6E0-CBAF-4F38-AC97-3E58D6CB9993}.Release|Any CPU.Build.0 = Release|Any CPU
	EndGlobalSection
	GlobalSection(SolutionProperties) = preSolution
		HideSolutionNode = FALSE
	EndGlobalSection
	GlobalSection(ExtensibilityGlobals) = postSolution
		SolutionGuid = {801B957D-8A3F-4A47-96A4-4F0F149AD682}
	EndGlobalSection
EndGlobal
